# THIS IS AN AUTOGENERATED FILE. DO NOT EDIT THIS FILE DIRECTLY.
# yarn lockfile v1


"@types/accepts@*":
  version "1.3.5"
  resolved "https://registry.npmjs.org/@types/accepts/-/accepts-1.3.5.tgz#c34bec115cfc746e04fe5a059df4ce7e7b391575"
  dependencies:
    "@types/node" "*"

"@types/body-parser@*":
  version "1.17.0"
  resolved "https://registry.npmjs.org/@types/body-parser/-/body-parser-1.17.0.tgz#9f5c9d9bd04bb54be32d5eb9fc0d8c974e6cf58c"
  dependencies:
    "@types/connect" "*"
    "@types/node" "*"

"@types/connect@*":
  version "3.4.32"
  resolved "https://registry.npmjs.org/@types/connect/-/connect-3.4.32.tgz#aa0e9616b9435ccad02bc52b5b454ffc2c70ba28"
  dependencies:
    "@types/node" "*"

"@types/cookies@*":
  version "0.7.1"
  resolved "https://registry.npmjs.org/@types/cookies/-/cookies-0.7.1.tgz#f9f204bd6767d389eea3b87609e30c090c77a540"
  dependencies:
    "@types/connect" "*"
    "@types/express" "*"
    "@types/keygrip" "*"
    "@types/node" "*"

"@types/events@*":
  version "1.2.0"
  resolved "https://registry.npmjs.org/@types/events/-/events-1.2.0.tgz#81a6731ce4df43619e5c8c945383b3e62a89ea86"

"@types/express-serve-static-core@*":
  version "4.16.0"
  resolved "https://registry.npmjs.org/@types/express-serve-static-core/-/express-serve-static-core-4.16.0.tgz#fdfe777594ddc1fe8eb8eccce52e261b496e43e7"
  dependencies:
    "@types/events" "*"
    "@types/node" "*"
    "@types/range-parser" "*"

"@types/express@*":
  version "4.16.0"
  resolved "https://registry.npmjs.org/@types/express/-/express-4.16.0.tgz#6d8bc42ccaa6f35cf29a2b7c3333cb47b5a32a19"
  dependencies:
    "@types/body-parser" "*"
    "@types/express-serve-static-core" "*"
    "@types/serve-static" "*"

"@types/http-assert@*":
  version "1.3.0"
  resolved "https://registry.npmjs.org/@types/http-assert/-/http-assert-1.3.0.tgz#5e932606153da28e1d04f9043f4912cf61fd55dd"

"@types/inversify@^2.0.33":
  version "2.0.33"
  resolved "https://registry.npmjs.org/@types/inversify/-/inversify-2.0.33.tgz#0770dae2299aaee57803f75235e64a99b74f6de0"
  dependencies:
    inversify "*"

"@types/json-stringify-safe@^5.0.0":
  version "5.0.0"
  resolved "https://registry.npmjs.org/@types/json-stringify-safe/-/json-stringify-safe-5.0.0.tgz#df34d054419d39323a3730966bacba02ac5e474e"

"@types/keygrip@*":
  version "1.0.1"
  resolved "https://registry.npmjs.org/@types/keygrip/-/keygrip-1.0.1.tgz#ff540462d2fb4d0a88441ceaf27d287b01c3d878"

"@types/koa-bodyparser@^5.0.1":
  version "5.0.1"
  resolved "https://registry.npmjs.org/@types/koa-bodyparser/-/koa-bodyparser-5.0.1.tgz#c40c0a0b7903df128a4e0677c51b5bdcc8bfa025"
  dependencies:
    "@types/koa" "*"

"@types/koa-compose@*":
  version "3.2.2"
  resolved "https://registry.npmjs.org/@types/koa-compose/-/koa-compose-3.2.2.tgz#dc106e000bbf92a3ac900f756df47344887ee847"

"@types/koa-router@^7.0.32":
  version "7.0.32"
  resolved "https://registry.npmjs.org/@types/koa-router/-/koa-router-7.0.32.tgz#a2d8adc65ad3d58aeb94d056650920c085817697"
  dependencies:
    "@types/koa" "*"

"@types/koa@*", "@types/koa@^2.0.46":
  version "2.0.46"
  resolved "https://registry.npmjs.org/@types/koa/-/koa-2.0.46.tgz#24bc3cd405d10fcde81f876cd8285b44d4ddc3e9"
  dependencies:
    "@types/accepts" "*"
    "@types/cookies" "*"
    "@types/events" "*"
    "@types/http-assert" "*"
    "@types/keygrip" "*"
    "@types/koa-compose" "*"
    "@types/node" "*"

"@types/lodash@^4.14.116":
  version "4.14.116"
  resolved "https://registry.npmjs.org/@types/lodash/-/lodash-4.14.116.tgz#5ccf215653e3e8c786a58390751033a9adca0eb9"

"@types/mime@*":
  version "2.0.0"
  resolved "https://registry.npmjs.org/@types/mime/-/mime-2.0.0.tgz#5a7306e367c539b9f6543499de8dd519fac37a8b"

"@types/node@*", "@types/node@^10.11.5":
  version "10.11.5"
  resolved "https://registry.npmjs.org/@types/node/-/node-10.11.5.tgz#6489ebda4452592d3fd37aefa57eedc01ed13378"

"@types/range-parser@*":
  version "1.2.2"
  resolved "https://registry.npmjs.org/@types/range-parser/-/range-parser-1.2.2.tgz#fa8e1ad1d474688a757140c91de6dace6f4abc8d"

"@types/serve-static@*":
  version "1.13.2"
  resolved "https://registry.npmjs.org/@types/serve-static/-/serve-static-1.13.2.tgz#f5ac4d7a6420a99a6a45af4719f4dcd8cd907a48"
  dependencies:
    "@types/express-serve-static-core" "*"
    "@types/mime" "*"

accepts@^1.3.5:
  version "1.3.5"
  resolved "https://registry.npmjs.org/accepts/-/accepts-1.3.5.tgz#eb777df6011723a3b14e8a72c0805c8e86746bd2"
  dependencies:
    mime-types "~2.1.18"
    negotiator "0.6.1"

ansi-styles@^3.2.1:
  version "3.2.1"
  resolved "https://registry.npmjs.org/ansi-styles/-/ansi-styles-3.2.1.tgz#41fbb20243e50b12be0f04b8dedbf07520ce841d"
  dependencies:
    color-convert "^1.9.0"

any-promise@^1.1.0:
  version "1.3.0"
  resolved "https://registry.npmjs.org/any-promise/-/any-promise-1.3.0.tgz#abc6afeedcea52e809cdc0376aed3ce39635d17f"

argparse@^1.0.7:
  version "1.0.10"
  resolved "https://registry.npmjs.org/argparse/-/argparse-1.0.10.tgz#bcd6791ea5ae09725e17e5ad988134cd40b3d911"
  dependencies:
    sprintf-js "~1.0.2"

async@~1.0.0:
  version "1.0.0"
  resolved "http://registry.npmjs.org/async/-/async-1.0.0.tgz#f8fc04ca3a13784ade9e1641af98578cfbd647a9"

bytes@3.0.0:
  version "3.0.0"
  resolved "https://registry.npmjs.org/bytes/-/bytes-3.0.0.tgz#d32815404d689699f85a4ea4fa8755dd13a96048"

cache-content-type@^1.0.0:
  version "1.0.1"
  resolved "https://registry.npmjs.org/cache-content-type/-/cache-content-type-1.0.1.tgz#035cde2b08ee2129f4a8315ea8f00a00dba1453c"
  dependencies:
    mime-types "^2.1.18"
    ylru "^1.2.0"

chalk@^2.1.0:
  version "2.4.1"
  resolved "https://registry.npmjs.org/chalk/-/chalk-2.4.1.tgz#18c49ab16a037b6eb0152cc83e3471338215b66e"
  dependencies:
    ansi-styles "^3.2.1"
    escape-string-regexp "^1.0.5"
    supports-color "^5.3.0"

clone@^1.0.2:
  version "1.0.4"
  resolved "https://registry.npmjs.org/clone/-/clone-1.0.4.tgz#da309cc263df15994c688ca902179ca3c7cd7c7e"

co-body@^6.0.0:
  version "6.0.0"
  resolved "https://registry.npmjs.org/co-body/-/co-body-6.0.0.tgz#965b9337d7f5655480787471f4237664820827e3"
  dependencies:
    inflation "^2.0.0"
    qs "^6.5.2"
    raw-body "^2.3.3"
    type-is "^1.6.16"

co@^4.6.0:
  version "4.6.0"
  resolved "https://registry.npmjs.org/co/-/co-4.6.0.tgz#6ea6bdf3d853ae54ccb8e47bfa0bf3f9031fb184"

collections@^5.0.7:
  version "5.1.5"
  resolved "https://registry.npmjs.org/collections/-/collections-5.1.5.tgz#55b900799306d4fbd1c3587b1f400bf7db572d77"
  dependencies:
    weak-map "~1.0.x"

color-convert@^1.9.0:
  version "1.9.3"
  resolved "https://registry.npmjs.org/color-convert/-/color-convert-1.9.3.tgz#bb71850690e1f136567de629d2d5471deda4c1e8"
  dependencies:
    color-name "1.1.3"

color-name@1.1.3:
  version "1.1.3"
  resolved "https://registry.npmjs.org/color-name/-/color-name-1.1.3.tgz#a7d0558bd89c42f795dd42328f740831ca53bc25"

colors@1.0.x:
  version "1.0.3"
  resolved "https://registry.npmjs.org/colors/-/colors-1.0.3.tgz#0433f44d809680fdeb60ed260f1b0c262e82a40b"

commander@^2.11.0, commander@^2.19.0:
  version "2.19.0"
  resolved "https://registry.npmjs.org/commander/-/commander-2.19.0.tgz#f6198aa84e5b83c46054b94ddedbfed5ee9ff12a"

console.table@^0.10.0:
  version "0.10.0"
  resolved "https://registry.npmjs.org/console.table/-/console.table-0.10.0.tgz#0917025588875befd70cf2eff4bef2c6e2d75d04"
  dependencies:
    easy-table "1.1.0"

content-disposition@~0.5.2:
  version "0.5.2"
  resolved "https://registry.npmjs.org/content-disposition/-/content-disposition-0.5.2.tgz#0cf68bb9ddf5f2be7961c3a85178cb85dba78cb4"

content-type@^1.0.4:
  version "1.0.4"
  resolved "https://registry.npmjs.org/content-type/-/content-type-1.0.4.tgz#e138cc75e040c727b1966fe5e5f8c9aee256fe3b"

cookies@~0.7.1:
  version "0.7.2"
  resolved "https://registry.npmjs.org/cookies/-/cookies-0.7.2.tgz#52736976126658af7713d7f858f7d21f99dab486"
  dependencies:
    depd "~1.1.2"
    keygrip "~1.0.2"

copy-to@^2.0.1:
  version "2.0.1"
  resolved "https://registry.npmjs.org/copy-to/-/copy-to-2.0.1.tgz#2680fbb8068a48d08656b6098092bdafc906f4a5"

cycle@1.0.x:
  version "1.0.3"
  resolved "https://registry.npmjs.org/cycle/-/cycle-1.0.3.tgz#21e80b2be8580f98b468f379430662b046c34ad2"

debug@^3.1.0:
  version "3.2.5"
  resolved "https://registry.npmjs.org/debug/-/debug-3.2.5.tgz#c2418fbfd7a29f4d4f70ff4cea604d4b64c46407"
  dependencies:
    ms "^2.1.1"

debug@~3.1.0:
  version "3.1.0"
  resolved "https://registry.npmjs.org/debug/-/debug-3.1.0.tgz#5bb5a0672628b64149566ba16819e61518c67261"
  dependencies:
    ms "2.0.0"

deep-equal@~1.0.1:
  version "1.0.1"
  resolved "https://registry.npmjs.org/deep-equal/-/deep-equal-1.0.1.tgz#f5d260292b660e084eff4cdbc9f08ad3247448b5"

defaults@^1.0.3:
  version "1.0.3"
  resolved "https://registry.npmjs.org/defaults/-/defaults-1.0.3.tgz#c656051e9817d9ff08ed881477f3fe4019f3ef7d"
  dependencies:
    clone "^1.0.2"

delegates@^1.0.0:
  version "1.0.0"
  resolved "https://registry.npmjs.org/delegates/-/delegates-1.0.0.tgz#84c6e159b81904fdca59a0ef44cd870d31250f9a"

depd@^1.1.2, depd@~1.1.2:
  version "1.1.2"
  resolved "https://registry.npmjs.org/depd/-/depd-1.1.2.tgz#9bcd52e14c097763e749b274c4346ed2e560b5a9"

destroy@^1.0.4:
  version "1.0.4"
  resolved "https://registry.npmjs.org/destroy/-/destroy-1.0.4.tgz#978857442c44749e4206613e37946205826abd80"

easy-table@1.1.0:
  version "1.1.0"
  resolved "https://registry.npmjs.org/easy-table/-/easy-table-1.1.0.tgz#86f9ab4c102f0371b7297b92a651d5824bc8cb73"
  optionalDependencies:
    wcwidth ">=1.0.1"

ee-first@1.1.1:
  version "1.1.1"
  resolved "https://registry.npmjs.org/ee-first/-/ee-first-1.1.1.tgz#590c61156b0ae2f4f0255732a158b266bc56b21d"

error-inject@^1.0.0:
  version "1.0.0"
  resolved "https://registry.npmjs.org/error-inject/-/error-inject-1.0.0.tgz#e2b3d91b54aed672f309d950d154850fa11d4f37"

escape-html@^1.0.3:
  version "1.0.3"
  resolved "https://registry.npmjs.org/escape-html/-/escape-html-1.0.3.tgz#0258eae4d3d0c0974de1c169188ef0051d1d1988"

escape-string-regexp@^1.0.5:
  version "1.0.5"
  resolved "https://registry.npmjs.org/escape-string-regexp/-/escape-string-regexp-1.0.5.tgz#1b61c0562190a8dff6ae3bb2cf0200ca130b86d4"

esprima@^4.0.0:
  version "4.0.1"
  resolved "https://registry.npmjs.org/esprima/-/esprima-4.0.1.tgz#13b04cdb3e6c5d19df91ab6987a8695619b0aa71"

eyes@0.1.x:
  version "0.1.8"
  resolved "https://registry.npmjs.org/eyes/-/eyes-0.1.8.tgz#62cf120234c683785d902348a800ef3e0cc20bc0"

fresh@~0.5.2:
  version "0.5.2"
  resolved "https://registry.npmjs.org/fresh/-/fresh-0.5.2.tgz#3d8cadd90d976569fa835ab1f8e4b23a105605a7"

fs-extra@^7.0.0:
  version "7.0.0"
  resolved "https://registry.npmjs.org/fs-extra/-/fs-extra-7.0.0.tgz#8cc3f47ce07ef7b3593a11b9fb245f7e34c041d6"
  dependencies:
    graceful-fs "^4.1.2"
    jsonfile "^4.0.0"
    universalify "^0.1.0"

graceful-fs@^4.1.2, graceful-fs@^4.1.6:
  version "4.1.11"
  resolved "https://registry.npmjs.org/graceful-fs/-/graceful-fs-4.1.11.tgz#0e8bdfe4d1ddb8854d64e04ea7c00e2a026e5658"

has-flag@^3.0.0:
  version "3.0.0"
  resolved "https://registry.npmjs.org/has-flag/-/has-flag-3.0.0.tgz#b5d454dc2199ae225699f3467e5a07f3b955bafd"

http-assert@^1.3.0:
  version "1.4.0"
  resolved "https://registry.npmjs.org/http-assert/-/http-assert-1.4.0.tgz#0e550b4fca6adf121bbeed83248c17e62f593a9a"
  dependencies:
    deep-equal "~1.0.1"
    http-errors "~1.7.1"

http-errors@1.6.3:
  version "1.6.3"
  resolved "http://registry.npmjs.org/http-errors/-/http-errors-1.6.3.tgz#8b55680bb4be283a0b5bf4ea2e38580be1d9320d"
  dependencies:
    depd "~1.1.2"
    inherits "2.0.3"
    setprototypeof "1.1.0"
    statuses ">= 1.4.0 < 2"

http-errors@^1.3.1, http-errors@^1.6.3, http-errors@~1.7.1:
  version "1.7.1"
  resolved "https://registry.npmjs.org/http-errors/-/http-errors-1.7.1.tgz#6a4ffe5d35188e1c39f872534690585852e1f027"
  dependencies:
    depd "~1.1.2"
    inherits "2.0.3"
    setprototypeof "1.1.0"
    statuses ">= 1.5.0 < 2"
    toidentifier "1.0.0"

iconv-lite@0.4.23:
  version "0.4.23"
  resolved "https://registry.npmjs.org/iconv-lite/-/iconv-lite-0.4.23.tgz#297871f63be507adcfbfca715d0cd0eed84e9a63"
  dependencies:
    safer-buffer ">= 2.1.2 < 3"

inflation@^2.0.0:
  version "2.0.0"
  resolved "https://registry.npmjs.org/inflation/-/inflation-2.0.0.tgz#8b417e47c28f925a45133d914ca1fd389107f30f"

inherits@2.0.3:
  version "2.0.3"
  resolved "https://registry.npmjs.org/inherits/-/inherits-2.0.3.tgz#633c2c83e3da42a502f52466022480f4208261de"

inversify@*, inversify@^4.13.0:
  version "4.13.0"
  resolved "https://registry.npmjs.org/inversify/-/inversify-4.13.0.tgz#0ab40570bfa4474b04d5b919bbab3a4f682a72f5"

is-generator-function@^1.0.7:
  version "1.0.7"
  resolved "https://registry.npmjs.org/is-generator-function/-/is-generator-function-1.0.7.tgz#d2132e529bb0000a7f80794d4bdf5cd5e5813522"

isarray@0.0.1:
  version "0.0.1"
  resolved "https://registry.npmjs.org/isarray/-/isarray-0.0.1.tgz#8a18acfca9a8f4177e09abfc6038939b05d1eedf"

isstream@0.1.x:
  version "0.1.2"
  resolved "https://registry.npmjs.org/isstream/-/isstream-0.1.2.tgz#47e63f7af55afa6f92e1500e690eb8b8529c099a"

js-yaml@^3.10.0:
  version "3.12.0"
  resolved "https://registry.npmjs.org/js-yaml/-/js-yaml-3.12.0.tgz#eaed656ec8344f10f527c6bfa1b6e2244de167d1"
  dependencies:
    argparse "^1.0.7"
    esprima "^4.0.0"

json-stringify-safe@^5.0.1:
  version "5.0.1"
  resolved "https://registry.npmjs.org/json-stringify-safe/-/json-stringify-safe-5.0.1.tgz#1296a2d58fd45f19a0f6ce01d65701e2c735b6eb"

jsonfile@^4.0.0:
  version "4.0.0"
  resolved "https://registry.npmjs.org/jsonfile/-/jsonfile-4.0.0.tgz#8771aae0799b64076b76640fca058f9c10e33ecb"
  optionalDependencies:
    graceful-fs "^4.1.6"

keygrip@~1.0.2:
  version "1.0.3"
  resolved "https://registry.npmjs.org/keygrip/-/keygrip-1.0.3.tgz#399d709f0aed2bab0a059e0cdd3a5023a053e1dc"

koa-bodyparser@^4.2.1:
  version "4.2.1"
  resolved "https://registry.npmjs.org/koa-bodyparser/-/koa-bodyparser-4.2.1.tgz#4d7dacb5e6db1106649b595d9e5ccb158b6f3b29"
  dependencies:
    co-body "^6.0.0"
    copy-to "^2.0.1"

koa-compose@^3.0.0:
  version "3.2.1"
  resolved "https://registry.npmjs.org/koa-compose/-/koa-compose-3.2.1.tgz#a85ccb40b7d986d8e5a345b3a1ace8eabcf54de7"
  dependencies:
    any-promise "^1.1.0"

koa-compose@^4.1.0:
  version "4.1.0"
  resolved "https://registry.npmjs.org/koa-compose/-/koa-compose-4.1.0.tgz#507306b9371901db41121c812e923d0d67d3e877"

koa-convert@^1.2.0:
  version "1.2.0"
  resolved "https://registry.npmjs.org/koa-convert/-/koa-convert-1.2.0.tgz#da40875df49de0539098d1700b50820cebcd21d0"
  dependencies:
    co "^4.6.0"
    koa-compose "^3.0.0"

koa-is-json@^1.0.0:
  version "1.0.0"
  resolved "https://registry.npmjs.org/koa-is-json/-/koa-is-json-1.0.0.tgz#273c07edcdcb8df6a2c1ab7d59ee76491451ec14"

koa-router@^7.4.0:
  version "7.4.0"
  resolved "https://registry.npmjs.org/koa-router/-/koa-router-7.4.0.tgz#aee1f7adc02d5cb31d7d67465c9eacc825e8c5e0"
  dependencies:
    debug "^3.1.0"
    http-errors "^1.3.1"
    koa-compose "^3.0.0"
    methods "^1.0.1"
    path-to-regexp "^1.1.1"
    urijs "^1.19.0"

koa@^2.5.3:
  version "2.5.3"
  resolved "https://registry.npmjs.org/koa/-/koa-2.5.3.tgz#0b0c37eee3aac807a0a6ad36bc0b8660f12d83f1"
  dependencies:
    accepts "^1.3.5"
    cache-content-type "^1.0.0"
    content-disposition "~0.5.2"
    content-type "^1.0.4"
    cookies "~0.7.1"
    debug "~3.1.0"
    delegates "^1.0.0"
    depd "^1.1.2"
    destroy "^1.0.4"
    error-inject "^1.0.0"
    escape-html "^1.0.3"
    fresh "~0.5.2"
    http-assert "^1.3.0"
    http-errors "^1.6.3"
    is-generator-function "^1.0.7"
    koa-compose "^4.1.0"
    koa-convert "^1.2.0"
    koa-is-json "^1.0.0"
    on-finished "^2.3.0"
    only "~0.0.2"
    parseurl "^1.3.2"
    statuses "^1.5.0"
    type-is "^1.6.16"
    vary "^1.1.2"

lodash@^4.17.11:
  version "4.17.11"
  resolved "https://registry.npmjs.org/lodash/-/lodash-4.17.11.tgz#b39ea6229ef607ecd89e2c8df12536891cac9b8d"

media-typer@0.3.0:
  version "0.3.0"
  resolved "https://registry.npmjs.org/media-typer/-/media-typer-0.3.0.tgz#8710d7af0aa626f8fffa1ce00168545263255748"

methods@^1.0.1:
  version "1.1.2"
  resolved "https://registry.npmjs.org/methods/-/methods-1.1.2.tgz#5529a4d67654134edcc5266656835b0f851afcee"

mime-db@~1.36.0:
  version "1.36.0"
  resolved "https://registry.npmjs.org/mime-db/-/mime-db-1.36.0.tgz#5020478db3c7fe93aad7bbcc4dcf869c43363397"

mime-types@^2.1.18, mime-types@~2.1.18:
  version "2.1.20"
  resolved "https://registry.npmjs.org/mime-types/-/mime-types-2.1.20.tgz#930cb719d571e903738520f8470911548ca2cc19"
  dependencies:
    mime-db "~1.36.0"

ms@2.0.0:
  version "2.0.0"
  resolved "https://registry.npmjs.org/ms/-/ms-2.0.0.tgz#5608aeadfc00be6c2901df5f9861788de0d597c8"

ms@^2.1.1:
  version "2.1.1"
  resolved "https://registry.npmjs.org/ms/-/ms-2.1.1.tgz#30a5864eb3ebb0a66f2ebe6d727af06a09d86e0a"

negotiator@0.6.1:
  version "0.6.1"
  resolved "https://registry.npmjs.org/negotiator/-/negotiator-0.6.1.tgz#2b327184e8992101177b28563fb5e7102acd0ca9"

node-dependency-injection@^2.2.1:
  version "2.2.1"
  resolved "https://registry.npmjs.org/node-dependency-injection/-/node-dependency-injection-2.2.1.tgz#06b78d34ad9a6769aa8a203e96bbbd51057157f5"
  dependencies:
    chalk "^2.1.0"
    collections "^5.0.7"
    commander "^2.11.0"
    console.table "^0.10.0"
    fs-extra "^7.0.0"
    js-yaml "^3.10.0"

on-finished@^2.3.0:
  version "2.3.0"
  resolved "https://registry.npmjs.org/on-finished/-/on-finished-2.3.0.tgz#20f1336481b083cd75337992a16971aa2d906947"
  dependencies:
    ee-first "1.1.1"

only@~0.0.2:
  version "0.0.2"
  resolved "https://registry.npmjs.org/only/-/only-0.0.2.tgz#2afde84d03e50b9a8edc444e30610a70295edfb4"

parseurl@^1.3.2:
  version "1.3.2"
  resolved "https://registry.npmjs.org/parseurl/-/parseurl-1.3.2.tgz#fc289d4ed8993119460c156253262cdc8de65bf3"

path-to-regexp@^1.1.1:
  version "1.7.0"
  resolved "https://registry.npmjs.org/path-to-regexp/-/path-to-regexp-1.7.0.tgz#59fde0f435badacba103a84e9d3bc64e96b9937d"
  dependencies:
    isarray "0.0.1"

prettier@^1.14.3:
  version "1.14.3"
  resolved "https://registry.npmjs.org/prettier/-/prettier-1.14.3.tgz#90238dd4c0684b7edce5f83b0fb7328e48bd0895"

qs@^6.5.2:
  version "6.5.2"
  resolved "https://registry.npmjs.org/qs/-/qs-6.5.2.tgz#cb3ae806e8740444584ef154ce8ee98d403f3e36"

raw-body@^2.3.3:
  version "2.3.3"
  resolved "https://registry.npmjs.org/raw-body/-/raw-body-2.3.3.tgz#1b324ece6b5706e153855bc1148c65bb7f6ea0c3"
  dependencies:
    bytes "3.0.0"
    http-errors "1.6.3"
    iconv-lite "0.4.23"
    unpipe "1.0.0"

reflect-metadata@^0.1.12:
  version "0.1.12"
  resolved "https://registry.npmjs.org/reflect-metadata/-/reflect-metadata-0.1.12.tgz#311bf0c6b63cd782f228a81abe146a2bfa9c56f2"

"safer-buffer@>= 2.1.2 < 3":
  version "2.1.2"
  resolved "https://registry.npmjs.org/safer-buffer/-/safer-buffer-2.1.2.tgz#44fa161b0187b9549dd84bb91802f9bd8385cd6a"

setprototypeof@1.1.0:
  version "1.1.0"
  resolved "https://registry.npmjs.org/setprototypeof/-/setprototypeof-1.1.0.tgz#d0bd85536887b6fe7c0d818cb962d9d91c54e656"

sprintf-js@~1.0.2:
  version "1.0.3"
  resolved "https://registry.npmjs.org/sprintf-js/-/sprintf-js-1.0.3.tgz#04e6926f662895354f3dd015203633b857297e2c"

stack-trace@0.0.x:
  version "0.0.10"
  resolved "https://registry.npmjs.org/stack-trace/-/stack-trace-0.0.10.tgz#547c70b347e8d32b4e108ea1a2a159e5fdde19c0"

"statuses@>= 1.4.0 < 2", "statuses@>= 1.5.0 < 2", statuses@^1.5.0:
  version "1.5.0"
  resolved "https://registry.npmjs.org/statuses/-/statuses-1.5.0.tgz#161c7dac177659fd9811f43771fa99381478628c"

supports-color@^5.3.0:
  version "5.5.0"
  resolved "https://registry.npmjs.org/supports-color/-/supports-color-5.5.0.tgz#e2e69a44ac8772f78a1ec0b35b689df6530efc8f"
  dependencies:
    has-flag "^3.0.0"

toidentifier@1.0.0:
  version "1.0.0"
  resolved "https://registry.npmjs.org/toidentifier/-/toidentifier-1.0.0.tgz#7e1be3470f1e77948bc43d94a3c8f4d7752ba553"

tslint-config-prettier@^1.15.0:
  version "1.15.0"
  resolved "https://registry.npmjs.org/tslint-config-prettier/-/tslint-config-prettier-1.15.0.tgz#76b9714399004ab6831fdcf76d89b73691c812cf"

type-is@^1.6.16:
  version "1.6.16"
  resolved "https://registry.npmjs.org/type-is/-/type-is-1.6.16.tgz#f89ce341541c672b25ee7ae3c73dee3b2be50194"
  dependencies:
    media-typer "0.3.0"
    mime-types "~2.1.18"

typescript@^3.1.1:
  version "3.1.1"
  resolved "https://registry.npmjs.org/typescript/-/typescript-3.1.1.tgz#3362ba9dd1e482ebb2355b02dfe8bcd19a2c7c96"

universalify@^0.1.0:
  version "0.1.2"
  resolved "https://registry.npmjs.org/universalify/-/universalify-0.1.2.tgz#b646f69be3942dabcecc9d6639c80dc105efaa66"

unpipe@1.0.0:
  version "1.0.0"
  resolved "https://registry.npmjs.org/unpipe/-/unpipe-1.0.0.tgz#b2bf4ee8514aae6165b4817829d21b2ef49904ec"

urijs@^1.19.0:
  version "1.19.1"
  resolved "https://registry.npmjs.org/urijs/-/urijs-1.19.1.tgz#5b0ff530c0cbde8386f6342235ba5ca6e995d25a"

vary@^1.1.2:
  version "1.1.2"
  resolved "https://registry.npmjs.org/vary/-/vary-1.1.2.tgz#2299f02c6ded30d4a5961b0b9f74524a18f634fc"

wcwidth@>=1.0.1:
  version "1.0.1"
  resolved "https://registry.npmjs.org/wcwidth/-/wcwidth-1.0.1.tgz#f0b0dcf915bc5ff1528afadb2c0e17b532da2fe8"
  dependencies:
    defaults "^1.0.3"

weak-map@~1.0.x:
  version "1.0.5"
  resolved "https://registry.npmjs.org/weak-map/-/weak-map-1.0.5.tgz#79691584d98607f5070bd3b70a40e6bb22e401eb"

winston@2.4.3:
  version "2.4.3"
  resolved "https://registry.npmjs.org/winston/-/winston-2.4.3.tgz#7a9fdab371b6d3d9b63a592947846d856948c517"
  dependencies:
    async "~1.0.0"
    colors "1.0.x"
    cycle "1.0.x"
    eyes "0.1.x"
    isstream "0.1.x"
    stack-trace "0.0.x"

ylru@^1.2.0:
  version "1.2.1"
  resolved "https://registry.npmjs.org/ylru/-/ylru-1.2.1.tgz#f576b63341547989c1de7ba288760923b27fe84f"
